
Microsoft Visual Studio Solution File, Format Version 12.00
# Visual Studio Version 17
VisualStudioVersion = 17.0.32014.148
MinimumVisualStudioVersion = 10.0.40219.1
Project("{FAE04EC0-301F-11D3-BF4B-00C04F79EFBC}") = "Activity 7", "Activity 7.csproj", "{7F026A37-BF2E-43A3-998F-D73098A3895D}"
EndProject
Global
	GlobalSection(SolutionConfigurationPlatforms) = preSolution
		Debug|Any CPU = Debug|Any CPU
		Release|Any CPU = Release|Any CPU
	EndGlobalSection
	GlobalSection(ProjectConfigurationPlatforms) = postSolution
		{7F026A37-BF2E-43A3-998F-D73098A3895D}.Debug|Any CPU.ActiveCfg = Debug|Any CPU
		{7F026A37-BF2E-43A3-998F-D73098A3895D}.Debug|Any CPU.Build.0 = Debug|Any CPU
		{7F026A37-BF2E-43A3-998F-D73098A3895D}.Release|Any CPU.ActiveCfg = Release|Any CPU
		{7F026A37-BF2E-43A3-998F-D73098A3895D}.Release|Any CPU.Build.0 = Release|Any CPU
	EndGlobalSection
	GlobalSection(SolutionProperties) = preSolution
		HideSolutionNode = FALSE
	EndGlobalSection
	GlobalSection(ExtensibilityGlobals) = postSolution
		SolutionGuid = {2487799D-8DBC-4CFF-BE73-12E90A2309B9}
	EndGlobalSection
EndGlobal
